// !$*UTF8*$!
{
	archiveVersion = 1;
	classes = {
	};
	objectVersion = 46;
	objects = {

/* Begin PBXBuildFile section */
		3911BB831E251A67004FF4D1 /* AppDelegate.swift in Sources */ = {isa = PBXBuildFile; fileRef = 3911BB821E251A67004FF4D1 /* AppDelegate.swift */; };
		3911BB851E251A67004FF4D1 /* LogicViewController.swift in Sources */ = {isa = PBXBuildFile; fileRef = 3911BB841E251A67004FF4D1 /* LogicViewController.swift */; };
		3911BB881E251A67004FF4D1 /* Main.storyboard in Resources */ = {isa = PBXBuildFile; fileRef = 3911BB861E251A67004FF4D1 /* Main.storyboard */; };
		3911BB8A1E251A67004FF4D1 /* Assets.xcassets in Resources */ = {isa = PBXBuildFile; fileRef = 3911BB891E251A67004FF4D1 /* Assets.xcassets */; };
		3911BB8D1E251A67004FF4D1 /* LaunchScreen.storyboard in Resources */ = {isa = PBXBuildFile; fileRef = 3911BB8B1E251A67004FF4D1 /* LaunchScreen.storyboard */; };
		3911BB981E251A67004FF4D1 /* StringcrypterTests.swift in Sources */ = {isa = PBXBuildFile; fileRef = 3911BB971E251A67004FF4D1 /* StringcrypterTests.swift */; };
/* End PBXBuildFile section */

/* Begin PBXContainerItemProxy section */
		3911BB941E251A67004FF4D1 /* PBXContainerItemProxy */ = {
			isa = PBXContainerItemProxy;
			containerPortal = 3911BB771E251A67004FF4D1 /* Project object */;
			proxyType = 1;
			remoteGlobalIDString = 3911BB7E1E251A67004FF4D1;
			remoteInfo = Stringcrypter;
		};
/* End PBXContainerItemProxy section */

/* Begin PBXFileReference section */
		3911BB7F1E251A67004FF4D1 /* Stringcrypter.app */ = {isa = PBXFileReference; explicitFileType = wrapper.application; includeInIndex = 0; path = Stringcrypter.app; sourceTree = BUILT_PRODUCTS_DIR; };
		3911BB821E251A67004FF4D1 /* AppDelegate.swift */ = {isa = PBXFileReference; lastKnownFileType = sourcecode.swift; path = AppDelegate.swift; sourceTree = "<group>"; };
		3911BB841E251A67004FF4D1 /* LogicViewController.swift */ = {isa = PBXFileReference; lastKnownFileType = sourcecode.swift; path = LogicViewController.swift; sourceTree = "<group>"; };
		3911BB871E251A67004FF4D1 /* Base */ = {isa = PBXFileReference; lastKnownFileType = file.storyboard; name = Base; path = Base.lproj/Main.storyboard; sourceTree = "<group>"; };
		3911BB891E251A67004FF4D1 /* Assets.xcassets */ = {isa = PBXFileReference; lastKnownFileType = folder.assetcatalog; path = Assets.xcassets; sourceTree = "<group>"; };
		3911BB8C1E251A67004FF4D1 /* Base */ = {isa = PBXFileReference; lastKnownFileType = file.storyboard; name = Base; path = Base.lproj/LaunchScreen.storyboard; sourceTree = "<group>"; };
		3911BB8E1E251A67004FF4D1 /* Info.plist */ = {isa = PBXFileReference; lastKnownFileType = text.plist.xml; path = Info.plist; sourceTree = "<group>"; };
		3911BB931E251A67004FF4D1 /* StringcrypterTests.xctest */ = {isa = PBXFileReference; explicitFileType = wrapper.cfbundle; includeInIndex = 0; path = StringcrypterTests.xctest; sourceTree = BUILT_PRODUCTS_DIR; };
		3911BB971E251A67004FF4D1 /* StringcrypterTests.swift */ = {isa = PBXFileReference; lastKnownFileType = sourcecode.swift; path = StringcrypterTests.swift; sourceTree = "<group>"; };
		3911BB991E251A67004FF4D1 /* Info.plist */ = {isa = PBXFileReference; lastKnownFileType = text.plist.xml; path = Info.plist; sourceTree = "<group>"; };
/* End PBXFileReference section */

/* Begin PBXFrameworksBuildPhase section */
		3911BB7C1E251A67004FF4D1 /* Frameworks */ = {
			isa = PBXFrameworksBuildPhase;
			buildActionMask = 2147483647;
			files = (
			);
			runOnlyForDeploymentPostprocessing = 0;
		};
		3911BB901E251A67004FF4D1 /* Frameworks */ = {
			isa = PBXFrameworksBuildPhase;
			buildActionMask = 2147483647;
			files = (
			);
			runOnlyForDeploymentPostprocessing = 0;
		};
/* End PBXFrameworksBuildPhase section */

/* Begin PBXGroup section */
		3911BB761E251A67004FF4D1 = {
			isa = PBXGroup;
			children = (
				3911BB811E251A67004FF4D1 /* Stringcrypter */,
				3911BB961E251A67004FF4D1 /* StringcrypterTests */,
				3911BB801E251A67004FF4D1 /* Products */,
			);
			sourceTree = "<group>";
		};
		3911BB801E251A67004FF4D1 /* Products */ = {
			isa = PBXGroup;
			children = (
				3911BB7F1E251A67004FF4D1 /* Stringcrypter.app */,
				3911BB931E251A67004FF4D1 /* StringcrypterTests.xctest */,
			);
			name = Products;
			sourceTree = "<group>";
		};
		3911BB811E251A67004FF4D1 /* Stringcrypter */ = {
			isa = PBXGroup;
			children = (
				3911BB821E251A67004FF4D1 /* AppDelegate.swift */,
				3911BB841E251A67004FF4D1 /* LogicViewController.swift */,
				3911BB861E251A67004FF4D1 /* Main.storyboard */,
				3911BB8B1E251A67004FF4D1 /* LaunchScreen.storyboard */,
				3911BB891E251A67004FF4D1 /* Assets.xcassets */,
				3911BB8E1E251A67004FF4D1 /* Info.plist */,
			);
			path = Stringcrypter;
			sourceTree = "<group>";
		};
		3911BB961E251A67004FF4D1 /* StringcrypterTests */ = {
			isa = PBXGroup;
			children = (
				3911BB971E251A67004FF4D1 /* StringcrypterTests.swift */,
				3911BB991E251A67004FF4D1 /* Info.plist */,
			);
			path = StringcrypterTests;
			sourceTree = "<group>";
		};
/* End PBXGroup section */

/* Begin PBXNativeTarget section */
		3911BB7E1E251A67004FF4D1 /* Stringcrypter */ = {
			isa = PBXNativeTarget;
			buildConfigurationList = 3911BB9C1E251A67004FF4D1 /* Build configuration list for PBXNativeTarget "Stringcrypter" */;
			buildPhases = (
				3911BB7B1E251A67004FF4D1 /* Sources */,
				3911BB7C1E251A67004FF4D1 /* Frameworks */,
				3911BB7D1E251A67004FF4D1 /* Resources */,
			);
			buildRules = (
			);
			dependencies = (
			);
			name = Stringcrypter;
			productName = Stringcrypter;
			productReference = 3911BB7F1E251A67004FF4D1 /* Stringcrypter.app */;
			productType = "com.apple.product-type.application";
		};
		3911BB921E251A67004FF4D1 /* StringcrypterTests */ = {
			isa = PBXNativeTarget;
			buildConfigurationList = 3911BB9F1E251A67004FF4D1 /* Build configuration list for PBXNativeTarget "StringcrypterTests" */;
			buildPhases = (
				3911BB8F1E251A67004FF4D1 /* Sources */,
				3911BB901E251A67004FF4D1 /* Frameworks */,
				3911BB911E251A67004FF4D1 /* Resources */,
			);
			buildRules = (
			);
			dependencies = (
				3911BB951E251A67004FF4D1 /* PBXTargetDependency */,
			);
			name = StringcrypterTests;
			productName = StringcrypterTests;
			productReference = 3911BB931E251A67004FF4D1 /* StringcrypterTests.xctest */;
			productType = "com.apple.product-type.bundle.unit-test";
		};
/* End PBXNativeTarget section */

/* Begin PBXProject section */
		3911BB771E251A67004FF4D1 /* Project object */ = {
			isa = PBXProject;
			attributes = {
				LastSwiftUpdateCheck = 0820;
				LastUpgradeCheck = 0820;
				ORGANIZATIONNAME = "Jaslow Enterprises";
				TargetAttributes = {
					3911BB7E1E251A67004FF4D1 = {
						CreatedOnToolsVersion = 8.2.1;
						DevelopmentTeam = E5AAHWL9DL;
						ProvisioningStyle = Automatic;
					};
					3911BB921E251A67004FF4D1 = {
						CreatedOnToolsVersion = 8.2.1;
						ProvisioningStyle = Automatic;
						TestTargetID = 3911BB7E1E251A67004FF4D1;
					};
				};
			};
			buildConfigurationList = 3911BB7A1E251A67004FF4D1 /* Build configuration list for PBXProject "Stringcrypter" */;
			compatibilityVersion = "Xcode 3.2";
			developmentRegion = English;
			hasScannedForEncodings = 0;
			knownRegions = (
				en,
				Base,
			);
			mainGroup = 3911BB761E251A67004FF4D1;
			productRefGroup = 3911BB801E251A67004FF4D1 /* Products */;
			projectDirPath = "";
			projectRoot = "";
			targets = (
				3911BB7E1E251A67004FF4D1 /* Stringcrypter */,
				3911BB921E251A67004FF4D1 /* StringcrypterTests */,
			);
		};
/* End PBXProject section */

/* Begin PBXResourcesBuildPhase section */
		3911BB7D1E251A67004FF4D1 /* Resources */ = {
			isa = PBXResourcesBuildPhase;
			buildActionMask = 2147483647;
			files = (
				3911BB8D1E251A67004FF4D1 /* LaunchScreen.storyboard in Resources */,
				3911BB8A1E251A67004FF4D1 /* Assets.xcassets in Resources */,
				3911BB881E251A67004FF4D1 /* Main.storyboard in Resources */,
			);
			runOnlyForDeploymentPostprocessing = 0;
		};
		3911BB911E251A67004FF4D1 /* Resources */ = {
			isa = PBXResourcesBuildPhase;
			buildActionMask = 2147483647;
			files = (
			);
			runOnlyForDeploymentPostprocessing = 0;
		};
/* End PBXResourcesBuildPhase section */

/* Begin PBXSourcesBuildPhase section */
		3911BB7B1E251A67004FF4D1 /* Sources */ = {
			isa = PBXSourcesBuildPhase;
			buildActionMask = 2147483647;
			files = (
				3911BB851E251A67004FF4D1 /* LogicViewController.swift in Sources */,
				3911BB831E251A67004FF4D1 /* AppDelegate.swift in Sources */,
			);
			runOnlyForDeploymentPostprocessing = 0;
		};
		3911BB8F1E251A67004FF4D1 /* Sources */ = {
			isa = PBXSourcesBuildPhase;
			buildActionMask = 2147483647;
			files = (
				3911BB981E251A67004FF4D1 /* StringcrypterTests.swift in Sources */,
			);
			runOnlyForDeploymentPostprocessing = 0;
		};
/* End PBXSourcesBuildPhase section */

/* Begin PBXTargetDependency section */
		3911BB951E251A67004FF4D1 /* PBXTargetDependency */ = {
			isa = PBXTargetDependency;
			target = 3911BB7E1E251A67004FF4D1 /* Stringcrypter */;
			targetProxy = 3911BB941E251A67004FF4D1 /* PBXContainerItemProxy */;
		};
/* End PBXTargetDependency section */

/* Begin PBXVariantGroup section */
		3911BB861E251A67004FF4D1 /* Main.storyboard */ = {
			isa = PBXVariantGroup;
			children = (
				3911BB871E251A67004FF4D1 /* Base */,
			);
			name = Main.storyboard;
			sourceTree = "<group>";
		};
		3911BB8B1E251A67004FF4D1 /* LaunchScreen.storyboard */ = {
			isa = PBXVariantGroup;
			children = (
				3911BB8C1E251A67004FF4D1 /* Base */,
			);
			name = LaunchScreen.storyboard;
			sourceTree = "<group>";
		};
/* End PBXVariantGroup section */

/* Begin XCBuildConfiguration section */
		3911BB9A1E251A67004FF4D1 /* Debug */ = {
			isa = XCBuildConfiguration;
			buildSettings = {
				ALWAYS_SEARCH_USER_PATHS = NO;
				CLANG_ANALYZER_NONNULL = YES;
				CLANG_CXX_LANGUAGE_STANDARD = "gnu++0x";
				CLANG_CXX_LIBRARY = "libc++";
				CLANG_ENABLE_MODULES = YES;
				CLANG_ENABLE_OBJC_ARC = YES;
				CLANG_WARN_BOOL_CONVERSION = YES;
				CLANG_WARN_CONSTANT_CONVERSION = YES;
				CLANG_WARN_DIRECT_OBJC_ISA_USAGE = YES_ERROR;
				CLANG_WARN_DOCUMENTATION_COMMENTS = YES;
				CLANG_WARN_EMPTY_BODY = YES;
				CLANG_WARN_ENUM_CONVERSION = YES;
				CLANG_WARN_INFINITE_RECURSION = YES;
				CLANG_WARN_INT_CONVERSION = YES;
				CLANG_WARN_OBJC_ROOT_CLASS = YES_ERROR;
				CLANG_WARN_SUSPICIOUS_MOVE = YES;
				CLANG_WARN_UNREACHABLE_CODE = YES;
				CLANG_WARN__DUPLICATE_METHOD_MATCH = YES;
				"CODE_SIGN_IDENTITY[sdk=iphoneos*]" = "iPhone Developer";
				COPY_PHASE_STRIP = NO;
				DEBUG_INFORMATION_FORMAT = dwarf;
				ENABLE_STRICT_OBJC_MSGSEND = YES;
				ENABLE_TESTABILITY = YES;
				GCC_C_LANGUAGE_STANDARD = gnu99;
				GCC_DYNAMIC_NO_PIC = NO;
				GCC_NO_COMMON_BLOCKS = YES;
				GCC_OPTIMIZATION_LEVEL = 0;
				GCC_PREPROCESSOR_DEFINITIONS = (
					"DEBUG=1",
					"$(inherited)",
				);
				GCC_WARN_64_TO_32_BIT_CONVERSION = YES;
				GCC_WARN_ABOUT_RETURN_TYPE = YES_ERROR;
				GCC_WARN_UNDECLARED_SELECTOR = YES;
				GCC_WARN_UNINITIALIZED_AUTOS = YES_AGGRESSIVE;
				GCC_WARN_UNUSED_FUNCTION = YES;
				GCC_WARN_UNUSED_VARIABLE = YES;
				IPHONEOS_DEPLOYMENT_TARGET = 10.2;
				MTL_ENABLE_DEBUG_INFO = YES;
				ONLY_ACTIVE_ARCH = YES;
				SDKROOT = iphoneos;
				SWIFT_ACTIVE_COMPILATION_CONDITIONS = DEBUG;
				SWIFT_OPTIMIZATION_LEVEL = "-Onone";
				TARGETED_DEVICE_FAMILY = "1,2";
			};
			name = Debug;
		};
		3911BB9B1E251A67004FF4D1 /* Release */ = {
			isa = XCBuildConfiguration;
			buildSettings = {
				ALWAYS_SEARCH_USER_PATHS = NO;
				CLANG_ANALYZER_NONNULL = YES;
				CLANG_CXX_LANGUAGE_STANDARD = "gnu++0x";
				CLANG_CXX_LIBRARY = "libc++";
				CLANG_ENABLE_MODULES = YES;
				CLANG_ENABLE_OBJC_ARC = YES;
				CLANG_WARN_BOOL_CONVERSION = YES;
				CLANG_WARN_CONSTANT_CONVERSION = YES;
				CLANG_WARN_DIRECT_OBJC_ISA_USAGE = YES_ERROR;
				CLANG_WARN_DOCUMENTATION_COMMENTS = YES;
				CLANG_WARN_EMPTY_BODY = YES;
				CLANG_WARN_ENUM_CONVERSION = YES;
				CLANG_WARN_INFINITE_RECURSION = YES;
				CLANG_WARN_INT_CONVERSION = YES;
				CLANG_WARN_OBJC_ROOT_CLASS = YES_ERROR;
				CLANG_WARN_SUSPICIOUS_MOVE = YES;
				CLANG_WARN_UNREACHABLE_CODE = YES;
				CLANG_WARN__DUPLICATE_METHOD_MATCH = YES;
				"CODE_SIGN_IDENTITY[sdk=iphoneos*]" = "iPhone Developer";
				COPY_PHASE_STRIP = NO;
				DEBUG_INFORMATION_FORMAT = "dwarf-with-dsym";
				ENABLE_NS_ASSERTIONS = NO;
				ENABLE_STRICT_OBJC_MSGSEND = YES;
				GCC_C_LANGUAGE_STANDARD = gnu99;
				GCC_NO_COMMON_BLOCKS = YES;
				GCC_WARN_64_TO_32_BIT_CONVERSION = YES;
				GCC_WARN_ABOUT_RETURN_TYPE = YES_ERROR;
				GCC_WARN_UNDECLARED_SELECTOR = YES;
				GCC_WARN_UNINITIALIZED_AUTOS = YES_AGGRESSIVE;
				GCC_WARN_UNUSED_FUNCTION = YES;
				GCC_WARN_UNUSED_VARIABLE = YES;
				IPHONEOS_DEPLOYMENT_TARGET = 10.2;
				MTL_ENABLE_DEBUG_INFO = NO;
				SDKROOT = iphoneos;
				SWIFT_OPTIMIZATION_LEVEL = "-Owholemodule";
				TARGETED_DEVICE_FAMILY = "1,2";
				VALIDATE_PRODUCT = YES;
			};
			name = Release;
		};
		3911BB9D1E251A67004FF4D1 /* Debug */ = {
			isa = XCBuildConfiguration;
			buildSettings = {
				ASSETCATALOG_COMPILER_APPICON_NAME = AppIcon;
				DEVELOPMENT_TEAM = E5AAHWL9DL;
				INFOPLIST_FILE = Stringcrypter/Info.plist;
				LD_RUNPATH_SEARCH_PATHS = "$(inherited) @executable_path/Frameworks";
				PRODUCT_BUNDLE_IDENTIFIER = com.example.Stringcrypter;
				PRODUCT_NAME = "$(TARGET_NAME)";
				SWIFT_VERSION = 3.0;
			};
			name = Debug;
		};
		3911BB9E1E251A67004FF4D1 /* Release */ = {
			isa = XCBuildConfiguration;
			buildSettings = {
				ASSETCATALOG_COMPILER_APPICON_NAME = AppIcon;
				DEVELOPMENT_TEAM = E5AAHWL9DL;
				INFOPLIST_FILE = Stringcrypter/Info.plist;
				LD_RUNPATH_SEARCH_PATHS = "$(inherited) @executable_path/Frameworks";
				PRODUCT_BUNDLE_IDENTIFIER = com.example.Stringcrypter;
				PRODUCT_NAME = "$(TARGET_NAME)";
				SWIFT_VERSION = 3.0;
			};
			name = Release;
		};
		3911BBA01E251A67004FF4D1 /* Debug */ = {
			isa = XCBuildConfiguration;
			buildSettings = {
				ALWAYS_EMBED_SWIFT_STANDARD_LIBRARIES = YES;
				BUNDLE_LOADER = "$(TEST_HOST)";
				INFOPLIST_FILE = StringcrypterTests/Info.plist;
				LD_RUNPATH_SEARCH_PATHS = "$(inherited) @executable_path/Frameworks @loader_path/Frameworks";
				PRODUCT_BUNDLE_IDENTIFIER = com.example.StringcrypterTests;
				PRODUCT_NAME = "$(TARGET_NAME)";
				SWIFT_VERSION = 3.0;
				TEST_HOST = "$(BUILT_PRODUCTS_DIR)/Stringcrypter.app/Stringcrypter";
			};
			name = Debug;
		};
		3911BBA11E251A67004FF4D1 /* Release */ = {
			isa = XCBuildConfiguration;
			buildSettings = {
				ALWAYS_EMBED_SWIFT_STANDARD_LIBRARIES = YES;
				BUNDLE_LOADER = "$(TEST_HOST)";
				INFOPLIST_FILE = StringcrypterTests/Info.plist;
				LD_RUNPATH_SEARCH_PATHS = "$(inherited) @executable_path/Frameworks @loader_path/Frameworks";
				PRODUCT_BUNDLE_IDENTIFIER = com.example.StringcrypterTests;
				PRODUCT_NAME = "$(TARGET_NAME)";
				SWIFT_VERSION = 3.0;
				TEST_HOST = "$(BUILT_PRODUCTS_DIR)/Stringcrypter.app/Stringcrypter";
			};
			name = Release;
		};
/* End XCBuildConfiguration section */

/* Begin XCConfigurationList section */
		3911BB7A1E251A67004FF4D1 /* Build configuration list for PBXProject "Stringcrypter" */ = {
			isa = XCConfigurationList;
			buildConfigurations = (
				3911BB9A1E251A67004FF4D1 /* Debug */,
				3911BB9B1E251A67004FF4D1 /* Release */,
			);
			defaultConfigurationIsVisible = 0;
			defaultConfigurationName = Release;
		};
		3911BB9C1E251A67004FF4D1 /* Build configuration list for PBXNativeTarget "Stringcrypter" */ = {
			isa = XCConfigurationList;
			buildConfigurations = (
				3911BB9D1E251A67004FF4D1 /* Debug */,
				3911BB9E1E251A67004FF4D1 /* Release */,
			);
			defaultConfigurationIsVisible = 0;
		};
		3911BB9F1E251A67004FF4D1 /* Build configuration list for PBXNativeTarget "StringcrypterTests" */ = {
			isa = XCConfigurationList;
			buildConfigurations = (
				3911BBA01E251A67004FF4D1 /* Debug */,
				3911BBA11E251A67004FF4D1 /* Release */,
			);
			defaultConfigurationIsVisible = 0;
		};
/* End XCConfigurationList section */
	};
	rootObject = 3911BB771E251A67004FF4D1 /* Project object */;
}
